
Microsoft Visual Studio Solution File, Format Version 12.00
# Visual Studio Version 16
VisualStudioVersion = 16.0.30717.126
MinimumVisualStudioVersion = 10.0.40219.1
Project("{FAE04EC0-301F-11D3-BF4B-00C04F79EFBC}") = "my_scrapper", "my_scrapper\my_scrapper.csproj", "{7AB88E05-19E9-45E8-9AB1-4B152A23BBAC}"
EndProject
Global
	GlobalSection(SolutionConfigurationPlatforms) = preSolution
		Debug|Any CPU = Debug|Any CPU
		Release|Any CPU = Release|Any CPU
	EndGlobalSection
	GlobalSection(ProjectConfigurationPlatforms) = postSolution
		{7AB88E05-19E9-45E8-9AB1-4B152A23BBAC}.Debug|Any CPU.ActiveCfg = Debug|Any CPU
		{7AB88E05-19E9-45E8-9AB1-4B152A23BBAC}.Debug|Any CPU.Build.0 = Debug|Any CPU
		{7AB88E05-19E9-45E8-9AB1-4B152A23BBAC}.Release|Any CPU.ActiveCfg = Release|Any CPU
		{7AB88E05-19E9-45E8-9AB1-4B152A23BBAC}.Release|Any CPU.Build.0 = Release|Any CPU
	EndGlobalSection
	GlobalSection(SolutionProperties) = preSolution
		HideSolutionNode = FALSE
	EndGlobalSection
	GlobalSection(ExtensibilityGlobals) = postSolution
		SolutionGuid = {882A4E34-6BFD-4AEB-8C11-24F36D2A6193}
	EndGlobalSection
EndGlobal
